<Solution>
  <Project Path="../Application/Application.csproj" Id="75f773c7-b402-4fda-bce1-a39daf08ab22" />
  <Project Path="../Domain/Domain.csproj" />
  <Project Path="../Infrastructure/Infrastructure.csproj" Id="02a9961b-3203-46cf-b405-642cafbb1747" />
  <Project Path="API.csproj" />
</Solution>
